
Microsoft Visual Studio Solution File, Format Version 12.00
# Visual Studio 15
VisualStudioVersion = 15.0.27019.1
MinimumVisualStudioVersion = 10.0.40219.1
Project("{FAE04EC0-301F-11D3-BF4B-00C04F79EFBC}") = "WebEssentials.AspNetCore.ServiceWorker", "src\WebEssentials.AspNetCore.ServiceWorker.csproj", "{7CC0B78E-9FFF-4E6B-AD74-8B05680D1623}"
EndProject
Project("{FAE04EC0-301F-11D3-BF4B-00C04F79EFBC}") = "Sample", "sample\Sample.csproj", "{8AC90448-B712-408E-9164-0D105C40AFD1}"
EndProject
Global
	GlobalSection(SolutionConfigurationPlatforms) = preSolution
		Debug|Any CPU = Debug|Any CPU
		Release|Any CPU = Release|Any CPU
	EndGlobalSection
	GlobalSection(ProjectConfigurationPlatforms) = postSolution
		{7CC0B78E-9FFF-4E6B-AD74-8B05680D1623}.Debug|Any CPU.ActiveCfg = Debug|Any CPU
		{7CC0B78E-9FFF-4E6B-AD74-8B05680D1623}.Debug|Any CPU.Build.0 = Debug|Any CPU
		{7CC0B78E-9FFF-4E6B-AD74-8B05680D1623}.Release|Any CPU.ActiveCfg = Release|Any CPU
		{7CC0B78E-9FFF-4E6B-AD74-8B05680D1623}.Release|Any CPU.Build.0 = Release|Any CPU
		{8AC90448-B712-408E-9164-0D105C40AFD1}.Debug|Any CPU.ActiveCfg = Debug|Any CPU
		{8AC90448-B712-408E-9164-0D105C40AFD1}.Debug|Any CPU.Build.0 = Debug|Any CPU
		{8AC90448-B712-408E-9164-0D105C40AFD1}.Release|Any CPU.ActiveCfg = Release|Any CPU
		{8AC90448-B712-408E-9164-0D105C40AFD1}.Release|Any CPU.Build.0 = Release|Any CPU
	EndGlobalSection
	GlobalSection(SolutionProperties) = preSolution
		HideSolutionNode = FALSE
	EndGlobalSection
	GlobalSection(ExtensibilityGlobals) = postSolution
		SolutionGuid = {F7A0BA24-AB52-4D3B-A693-6E461EF42125}
	EndGlobalSection
EndGlobal
